
Microsoft Visual Studio Solution File, Format Version 12.00
# Visual Studio 15
VisualStudioVersion = 15.0.27130.2036
MinimumVisualStudioVersion = 10.0.40219.1
Project("{FAE04EC0-301F-11D3-BF4B-00C04F79EFBC}") = "ShowIPAddr", "ShowIPAddr.csproj", "{170397CA-4BAC-479E-8987-A3F440258085}"
EndProject
Global
	GlobalSection(SolutionConfigurationPlatforms) = preSolution
		Debug|ARM = Debug|ARM
		Debug|x64 = Debug|x64
		Debug|x86 = Debug|x86
		Release|ARM = Release|ARM
		Release|x64 = Release|x64
		Release|x86 = Release|x86
	EndGlobalSection
	GlobalSection(ProjectConfigurationPlatforms) = postSolution
		{170397CA-4BAC-479E-8987-A3F440258085}.Debug|ARM.ActiveCfg = Debug|ARM
		{170397CA-4BAC-479E-8987-A3F440258085}.Debug|ARM.Build.0 = Debug|ARM
		{170397CA-4BAC-479E-8987-A3F440258085}.Debug|ARM.Deploy.0 = Debug|ARM
		{170397CA-4BAC-479E-8987-A3F440258085}.Debug|x64.ActiveCfg = Debug|x64
		{170397CA-4BAC-479E-8987-A3F440258085}.Debug|x64.Build.0 = Debug|x64
		{170397CA-4BAC-479E-8987-A3F440258085}.Debug|x64.Deploy.0 = Debug|x64
		{170397CA-4BAC-479E-8987-A3F440258085}.Debug|x86.ActiveCfg = Debug|x86
		{170397CA-4BAC-479E-8987-A3F440258085}.Debug|x86.Build.0 = Debug|x86
		{170397CA-4BAC-479E-8987-A3F440258085}.Debug|x86.Deploy.0 = Debug|x86
		{170397CA-4BAC-479E-8987-A3F440258085}.Release|ARM.ActiveCfg = Release|ARM
		{170397CA-4BAC-479E-8987-A3F440258085}.Release|ARM.Build.0 = Release|ARM
		{170397CA-4BAC-479E-8987-A3F440258085}.Release|ARM.Deploy.0 = Release|ARM
		{170397CA-4BAC-479E-8987-A3F440258085}.Release|x64.ActiveCfg = Release|x64
		{170397CA-4BAC-479E-8987-A3F440258085}.Release|x64.Build.0 = Release|x64
		{170397CA-4BAC-479E-8987-A3F440258085}.Release|x64.Deploy.0 = Release|x64
		{170397CA-4BAC-479E-8987-A3F440258085}.Release|x86.ActiveCfg = Release|x86
		{170397CA-4BAC-479E-8987-A3F440258085}.Release|x86.Build.0 = Release|x86
		{170397CA-4BAC-479E-8987-A3F440258085}.Release|x86.Deploy.0 = Release|x86
	EndGlobalSection
	GlobalSection(SolutionProperties) = preSolution
		HideSolutionNode = FALSE
	EndGlobalSection
	GlobalSection(ExtensibilityGlobals) = postSolution
		SolutionGuid = {AD5CAC89-5E3F-4631-BE07-E32C2392A668}
	EndGlobalSection
EndGlobal
